PODS:
  - ContainerControllerSwift (1.0.0)

DEPENDENCIES:
  - ContainerControllerSwift (from `../`)

EXTERNAL SOURCES:
  ContainerControllerSwift:
    :path: "../"

SPEC CHECKSUMS:
  ContainerControllerSwift: 784bd547f936a51b956788cdd23869344e638119

PODFILE CHECKSUM: 5f9e7bdcf65f6b742444242add916867543ae8c0

COCOAPODS: 1.9.3
